{
  "version": 4,
  "terraform_version": "1.0.11",
  "serial": 3,
  "lineage": "53daf3cc-dfa5-51c6-e9bc-5888483665f8",
  "outputs": {},
  "resources": [
    {
      "mode": "managed",
      "type": "azurerm_resource_group",
      "name": "driveShaftUsersMicroService",
      "provider": "provider[\"registry.terraform.io/hashicorp/azurerm\"]",
      "instances": [
        {
          "schema_version": 0,
          "attributes": {
            "id": "/subscriptions/d3b50864-9ad9-4798-96fe-eabe37b7406b/resourceGroups/DriveShaftMicroServices",
            "location": "centralus",
            "name": "DriveShaftMicroServices",
            "tags": null,
            "timeouts": null
          },
          "sensitive_attributes": [],
          "private": "eyJlMmJmYjczMC1lY2FhLTExZTYtOGY4OC0zNDM2M2JjN2M0YzAiOnsiY3JlYXRlIjo1NDAwMDAwMDAwMDAwLCJkZWxldGUiOjU0MDAwMDAwMDAwMDAsInJlYWQiOjMwMDAwMDAwMDAwMCwidXBkYXRlIjo1NDAwMDAwMDAwMDAwfX0="
        }
      ]
    }
  ]
}
